{
  "nodes": {
    "fenix": {
      "inputs": {
        "nixpkgs": [
          "nixpkgs"
        ],
        "rust-analyzer-src": "rust-analyzer-src"
      },
      "locked": {
        "lastModified": 1668407373,
        "narHash": "sha256-nXHB54b0AANquA6QB4qrPQlEKr3htRJUWZBDHpIOB/A=",
        "owner": "nix-community",
        "repo": "fenix",
        "rev": "65fcbcc6dce1feb9c3f6f53bd1ce63c9976791cc",
        "type": "github"
      },
      "original": {
        "owner": "nix-community",
        "repo": "fenix",
        "type": "github"
      }
    },
    "flake-utils": {
      "locked": {
        "lastModified": 1667395993,
        "narHash": "sha256-nuEHfE/LcWyuSWnS8t12N1wc105Qtau+/OdUAjtQ0rA=",
        "owner": "numtide",
        "repo": "flake-utils",
        "rev": "5aed5285a952e0b949eb3ba02c12fa4fcfef535f",
        "type": "github"
      },
      "original": {
        "owner": "numtide",
        "repo": "flake-utils",
        "type": "github"
      }
    },
    "naersk": {
      "inputs": {
        "nixpkgs": "nixpkgs"
      },
      "locked": {
        "lastModified": 1662220400,
        "narHash": "sha256-9o2OGQqu4xyLZP9K6kNe1pTHnyPz0Wr3raGYnr9AIgY=",
        "owner": "nix-community",
        "repo": "naersk",
        "rev": "6944160c19cb591eb85bbf9b2f2768a935623ed3",
        "type": "github"
      },
      "original": {
        "owner": "nix-community",
        "repo": "naersk",
        "type": "github"
      }
    },
    "nixpkgs": {
      "locked": {
        "lastModified": 1668266328,
        "narHash": "sha256-+nAW+XR8nswyEnt5IkQlkrz9erTcQWBVLkhtNHxckFw=",
        "owner": "NixOS",
        "repo": "nixpkgs",
        "rev": "5ca8e2e9e1fa5e66a749b39261ad6bd0e07bc87f",
        "type": "github"
      },
      "original": {
        "id": "nixpkgs",
        "type": "indirect"
      }
    },
    "nixpkgs_2": {
      "locked": {
        "lastModified": 1668266328,
        "narHash": "sha256-+nAW+XR8nswyEnt5IkQlkrz9erTcQWBVLkhtNHxckFw=",
        "owner": "NixOS",
        "repo": "nixpkgs",
        "rev": "5ca8e2e9e1fa5e66a749b39261ad6bd0e07bc87f",
        "type": "github"
      },
      "original": {
        "owner": "NixOS",
        "ref": "nixpkgs-unstable",
        "repo": "nixpkgs",
        "type": "github"
      }
    },
    "root": {
      "inputs": {
        "fenix": "fenix",
        "flake-utils": "flake-utils",
        "naersk": "naersk",
        "nixpkgs": "nixpkgs_2"
      }
    },
    "rust-analyzer-src": {
      "flake": false,
      "locked": {
        "lastModified": 1668182250,
        "narHash": "sha256-PYGaOCiFvnJdVz+ZCaKF8geGdffXjJUNcMwaBHv0FT4=",
        "owner": "rust-lang",
        "repo": "rust-analyzer",
        "rev": "45ec315e01dc8dd1146dfeb65f0ef6e5c2efed78",
        "type": "github"
      },
      "original": {
        "owner": "rust-lang",
        "ref": "nightly",
        "repo": "rust-analyzer",
        "type": "github"
      }
    }
  },
  "root": "root",
  "version": 7
}
